
Microsoft Visual Studio Solution File, Format Version 12.00
# Visual Studio Version 16
VisualStudioVersion = 16.0.31624.102
MinimumVisualStudioVersion = 10.0.40219.1
Project("{FAE04EC0-301F-11D3-BF4B-00C04F79EFBC}") = "ServerCodeMtk-P2-087", "ServerCodeMtk-P2-087\ServerCodeMtk-P2-087.csproj", "{D7867915-4795-4BB7-BBE0-9164AFE7D11A}"
EndProject
Global
	GlobalSection(SolutionConfigurationPlatforms) = preSolution
		Debug|Any CPU = Debug|Any CPU
		Release|Any CPU = Release|Any CPU
	EndGlobalSection
	GlobalSection(ProjectConfigurationPlatforms) = postSolution
		{D7867915-4795-4BB7-BBE0-9164AFE7D11A}.Debug|Any CPU.ActiveCfg = Debug|Any CPU
		{D7867915-4795-4BB7-BBE0-9164AFE7D11A}.Debug|Any CPU.Build.0 = Debug|Any CPU
		{D7867915-4795-4BB7-BBE0-9164AFE7D11A}.Release|Any CPU.ActiveCfg = Release|Any CPU
		{D7867915-4795-4BB7-BBE0-9164AFE7D11A}.Release|Any CPU.Build.0 = Release|Any CPU
	EndGlobalSection
	GlobalSection(SolutionProperties) = preSolution
		HideSolutionNode = FALSE
	EndGlobalSection
	GlobalSection(ExtensibilityGlobals) = postSolution
		SolutionGuid = {0D91CBC8-81D2-4DF5-A102-C1452C773D30}
	EndGlobalSection
EndGlobal
